GEM
  remote: https://rubygems.org/
  specs:
    bigdecimal (3.3.1)
    concurrent-ruby (1.3.6)
    csv (3.3.5)
    dry-configurable (1.3.0)
      dry-core (~> 1.1)
      zeitwerk (~> 2.6)
    dry-core (1.2.0)
      concurrent-ruby (~> 1.0)
      logger
      zeitwerk (~> 2.6)
    dry-inflector (1.2.0)
    dry-initializer (3.2.0)
    dry-logic (1.6.0)
      bigdecimal
      concurrent-ruby (~> 1.0)
      dry-core (~> 1.1)
      zeitwerk (~> 2.6)
    dry-schema (1.14.1)
      concurrent-ruby (~> 1.0)
      dry-configurable (~> 1.0, >= 1.0.1)
      dry-core (~> 1.1)
      dry-initializer (~> 3.2)
      dry-logic (~> 1.5)
      dry-types (~> 1.8)
      zeitwerk (~> 2.6)
    dry-struct (1.8.0)
      dry-core (~> 1.1)
      dry-types (~> 1.8, >= 1.8.2)
      ice_nine (~> 0.11)
      zeitwerk (~> 2.6)
    dry-types (1.8.3)
      bigdecimal (~> 3.0)
      concurrent-ruby (~> 1.0)
      dry-core (~> 1.0)
      dry-inflector (~> 1.0)
      dry-logic (~> 1.4)
      zeitwerk (~> 2.6)
    httparty (0.24.0)
      csv
      mini_mime (>= 1.0.0)
      multi_xml (>= 0.5.2)
    ice_nine (0.11.2)
    logger (1.7.0)
    mini_mime (1.1.5)
    multi_xml (0.8.1)
      bigdecimal (>= 3.1, < 5)
    zeitwerk (2.7.4)

PLATFORMS
  aarch64-linux
  ruby

DEPENDENCIES
  dry-initializer
  dry-schema
  dry-struct
  httparty

CHECKSUMS
  bigdecimal (3.3.1) sha256=eaa01e228be54c4f9f53bf3cc34fe3d5e845c31963e7fcc5bedb05a4e7d52218
  concurrent-ruby (1.3.6) sha256=6b56837e1e7e5292f9864f34b69c5a2cbc75c0cf5338f1ce9903d10fa762d5ab
  csv (3.3.5) sha256=6e5134ac3383ef728b7f02725d9872934f523cb40b961479f69cf3afa6c8e73f
  dry-configurable (1.3.0) sha256=882d862858567fc1210d2549d4c090f34370fc1bb7c5c1933de3fe792e18afa8
  dry-core (1.2.0) sha256=0cc5a7da88df397f153947eeeae42e876e999c1e30900f3c536fb173854e96a1
  dry-inflector (1.2.0) sha256=22f5d0b50fd57074ae57e2ca17e3b300e57564c218269dcf82ff3e42d3f38f2e
  dry-initializer (3.2.0) sha256=37d59798f912dc0a1efe14a4db4a9306989007b302dcd5f25d0a2a20c166c4e3
  dry-logic (1.6.0) sha256=da6fedbc0f90fc41f9b0cc7e6f05f5d529d1efaef6c8dcc8e0733f685745cea2
  dry-schema (1.14.1) sha256=2fcd7539a7099cacae6a22f6a3a2c1846fe5afeb1c841cde432c89c6cb9b9ff1
  dry-struct (1.8.0) sha256=74c38b559924fb6462ac43ec780c4533a082d7b1d238a8d7857b773b3b8e2966
  dry-types (1.8.3) sha256=b5d97a45e0ed273131c0c3d5bc9f5633c2d1242e092ee47401ce7d5eab65c1bc
  httparty (0.24.0) sha256=cd93eec3d92c327df77b545e71123a38394e5ae723fb739bca18e0e75143b0ac
  ice_nine (0.11.2) sha256=5d506a7d2723d5592dc121b9928e4931742730131f22a1a37649df1c1e2e63db
  logger (1.7.0) sha256=196edec7cc44b66cfb40f9755ce11b392f21f7967696af15d274dde7edff0203
  mini_mime (1.1.5) sha256=8681b7e2e4215f2a159f9400b5816d85e9d8c6c6b491e96a12797e798f8bccef
  multi_xml (0.8.1) sha256=addba0290bac34e9088bfe73dc4878530297a82a7bbd66cb44dcd0a4b86edf5a
  zeitwerk (2.7.4) sha256=2bef90f356bdafe9a6c2bd32bcd804f83a4f9b8bc27f3600fff051eb3edcec8b

BUNDLED WITH
  4.0.3
